{
  "object": {
    "pins": [
      {
        "package": "LoggingLib",
        "repositoryURL": "https://github.com/fogusbogus/LoggingLib.git",
        "state": {
          "branch": null,
          "revision": "a687edc9048ee9b10cbb77ad5bc28bb6b60be424",
          "version": "1.0.1"
        }
      },
      {
        "package": "SQLDB",
        "repositoryURL": "https://github.com/fogusbogus/SQLDB.git",
        "state": {
          "branch": null,
          "revision": "b6a4b15717fc890891ac53264bc48c3a74562dda",
          "version": "1.0.2"
        }
      },
      {
        "package": "UsefulExtensions",
        "repositoryURL": "https://github.com/fogusbogus/UsefulExtensions.git",
        "state": {
          "branch": null,
          "revision": "94d62224a60f4855c7e202210f8e2963015181f2",
          "version": "1.0.0"
        }
      }
    ]
  },
  "version": 1
}
