// !$*UTF8*$!
{
	archiveVersion = 1;
	classes = {
	};
	objectVersion = 56;
	objects = {

/* Begin PBXBuildFile section */
		C923543C29632B600056205D /* loopover.swift in Sources */ = {isa = PBXBuildFile; fileRef = C923543B29632B600056205D /* loopover.swift */; };
		C9235463296B19210056205D /* main.swift in Sources */ = {isa = PBXBuildFile; fileRef = C9235462296B19210056205D /* main.swift */; };
		C925B4BA29792C37000D490D /* OneRing.swift in Sources */ = {isa = PBXBuildFile; fileRef = C925B4B929792C37000D490D /* OneRing.swift */; };
		C925B4BC29792E3F000D490D /* QuickestPath.swift in Sources */ = {isa = PBXBuildFile; fileRef = C925B4BB29792E3F000D490D /* QuickestPath.swift */; };
		C925B4BE2979304C000D490D /* CaesarCypherII.swift in Sources */ = {isa = PBXBuildFile; fileRef = C925B4BD2979304C000D490D /* CaesarCypherII.swift */; };
/* End PBXBuildFile section */

/* Begin PBXCopyFilesBuildPhase section */
		C923543629632B600056205D /* CopyFiles */ = {
			isa = PBXCopyFilesBuildPhase;
			buildActionMask = 2147483647;
			dstPath = /usr/share/man/man1/;
			dstSubfolderSpec = 0;
			files = (
			);
			runOnlyForDeploymentPostprocessing = 1;
		};
/* End PBXCopyFilesBuildPhase section */

/* Begin PBXFileReference section */
		C923543829632B600056205D /* Kata */ = {isa = PBXFileReference; explicitFileType = "compiled.mach-o.executable"; includeInIndex = 0; path = Kata; sourceTree = BUILT_PRODUCTS_DIR; };
		C923543B29632B600056205D /* loopover.swift */ = {isa = PBXFileReference; lastKnownFileType = sourcecode.swift; path = loopover.swift; sourceTree = "<group>"; };
		C9235462296B19210056205D /* main.swift */ = {isa = PBXFileReference; lastKnownFileType = sourcecode.swift; path = main.swift; sourceTree = "<group>"; };
		C925B4B929792C37000D490D /* OneRing.swift */ = {isa = PBXFileReference; lastKnownFileType = sourcecode.swift; path = OneRing.swift; sourceTree = "<group>"; };
		C925B4BB29792E3F000D490D /* QuickestPath.swift */ = {isa = PBXFileReference; lastKnownFileType = sourcecode.swift; path = QuickestPath.swift; sourceTree = "<group>"; };
		C925B4BD2979304C000D490D /* CaesarCypherII.swift */ = {isa = PBXFileReference; lastKnownFileType = sourcecode.swift; path = CaesarCypherII.swift; sourceTree = "<group>"; };
/* End PBXFileReference section */

/* Begin PBXFrameworksBuildPhase section */
		C923543529632B600056205D /* Frameworks */ = {
			isa = PBXFrameworksBuildPhase;
			buildActionMask = 2147483647;
			files = (
			);
			runOnlyForDeploymentPostprocessing = 0;
		};
/* End PBXFrameworksBuildPhase section */

/* Begin PBXGroup section */
		C923542F29632B600056205D = {
			isa = PBXGroup;
			children = (
				C923543A29632B600056205D /* Kata */,
				C923543929632B600056205D /* Products */,
			);
			sourceTree = "<group>";
		};
		C923543929632B600056205D /* Products */ = {
			isa = PBXGroup;
			children = (
				C923543829632B600056205D /* Kata */,
			);
			name = Products;
			sourceTree = "<group>";
		};
		C923543A29632B600056205D /* Kata */ = {
			isa = PBXGroup;
			children = (
				C923543B29632B600056205D /* loopover.swift */,
				C9235462296B19210056205D /* main.swift */,
				C925B4B929792C37000D490D /* OneRing.swift */,
				C925B4BB29792E3F000D490D /* QuickestPath.swift */,
				C925B4BD2979304C000D490D /* CaesarCypherII.swift */,
			);
			path = Kata;
			sourceTree = "<group>";
		};
/* End PBXGroup section */

/* Begin PBXNativeTarget section */
		C923543729632B600056205D /* Kata */ = {
			isa = PBXNativeTarget;
			buildConfigurationList = C923543F29632B600056205D /* Build configuration list for PBXNativeTarget "Kata" */;
			buildPhases = (
				C923543429632B600056205D /* Sources */,
				C923543529632B600056205D /* Frameworks */,
				C923543629632B600056205D /* CopyFiles */,
			);
			buildRules = (
			);
			dependencies = (
			);
			name = Kata;
			productName = Kata;
			productReference = C923543829632B600056205D /* Kata */;
			productType = "com.apple.product-type.tool";
		};
/* End PBXNativeTarget section */

/* Begin PBXProject section */
		C923543029632B600056205D /* Project object */ = {
			isa = PBXProject;
			attributes = {
				BuildIndependentTargetsInParallel = 1;
				LastSwiftUpdateCheck = 1420;
				LastUpgradeCheck = 1420;
				TargetAttributes = {
					C923543729632B600056205D = {
						CreatedOnToolsVersion = 14.2;
					};
				};
			};
			buildConfigurationList = C923543329632B600056205D /* Build configuration list for PBXProject "Kata" */;
			compatibilityVersion = "Xcode 14.0";
			developmentRegion = en;
			hasScannedForEncodings = 0;
			knownRegions = (
				en,
				Base,
			);
			mainGroup = C923542F29632B600056205D;
			productRefGroup = C923543929632B600056205D /* Products */;
			projectDirPath = "";
			projectRoot = "";
			targets = (
				C923543729632B600056205D /* Kata */,
			);
		};
/* End PBXProject section */

/* Begin PBXSourcesBuildPhase section */
		C923543429632B600056205D /* Sources */ = {
			isa = PBXSourcesBuildPhase;
			buildActionMask = 2147483647;
			files = (
				C9235463296B19210056205D /* main.swift in Sources */,
				C925B4BE2979304C000D490D /* CaesarCypherII.swift in Sources */,
				C923543C29632B600056205D /* loopover.swift in Sources */,
				C925B4BA29792C37000D490D /* OneRing.swift in Sources */,
				C925B4BC29792E3F000D490D /* QuickestPath.swift in Sources */,
			);
			runOnlyForDeploymentPostprocessing = 0;
		};
/* End PBXSourcesBuildPhase section */

/* Begin XCBuildConfiguration section */
		C923543D29632B600056205D /* Debug */ = {
			isa = XCBuildConfiguration;
			buildSettings = {
				ALWAYS_SEARCH_USER_PATHS = NO;
				CLANG_ANALYZER_NONNULL = YES;
				CLANG_ANALYZER_NUMBER_OBJECT_CONVERSION = YES_AGGRESSIVE;
				CLANG_CXX_LANGUAGE_STANDARD = "gnu++20";
				CLANG_ENABLE_MODULES = YES;
				CLANG_ENABLE_OBJC_ARC = YES;
				CLANG_ENABLE_OBJC_WEAK = YES;
				CLANG_WARN_BLOCK_CAPTURE_AUTORELEASING = YES;
				CLANG_WARN_BOOL_CONVERSION = YES;
				CLANG_WARN_COMMA = YES;
				CLANG_WARN_CONSTANT_CONVERSION = YES;
				CLANG_WARN_DEPRECATED_OBJC_IMPLEMENTATIONS = YES;
				CLANG_WARN_DIRECT_OBJC_ISA_USAGE = YES_ERROR;
				CLANG_WARN_DOCUMENTATION_COMMENTS = YES;
				CLANG_WARN_EMPTY_BODY = YES;
				CLANG_WARN_ENUM_CONVERSION = YES;
				CLANG_WARN_INFINITE_RECURSION = YES;
				CLANG_WARN_INT_CONVERSION = YES;
				CLANG_WARN_NON_LITERAL_NULL_CONVERSION = YES;
				CLANG_WARN_OBJC_IMPLICIT_RETAIN_SELF = YES;
				CLANG_WARN_OBJC_LITERAL_CONVERSION = YES;
				CLANG_WARN_OBJC_ROOT_CLASS = YES_ERROR;
				CLANG_WARN_QUOTED_INCLUDE_IN_FRAMEWORK_HEADER = YES;
				CLANG_WARN_RANGE_LOOP_ANALYSIS = YES;
				CLANG_WARN_STRICT_PROTOTYPES = YES;
				CLANG_WARN_SUSPICIOUS_MOVE = YES;
				CLANG_WARN_UNGUARDED_AVAILABILITY = YES_AGGRESSIVE;
				CLANG_WARN_UNREACHABLE_CODE = YES;
				CLANG_WARN__DUPLICATE_METHOD_MATCH = YES;
				COPY_PHASE_STRIP = NO;
				DEBUG_INFORMATION_FORMAT = dwarf;
				ENABLE_STRICT_OBJC_MSGSEND = YES;
				ENABLE_TESTABILITY = YES;
				GCC_C_LANGUAGE_STANDARD = gnu11;
				GCC_DYNAMIC_NO_PIC = NO;
				GCC_NO_COMMON_BLOCKS = YES;
				GCC_OPTIMIZATION_LEVEL = 0;
				GCC_PREPROCESSOR_DEFINITIONS = (
					"DEBUG=1",
					"$(inherited)",
				);
				GCC_WARN_64_TO_32_BIT_CONVERSION = YES;
				GCC_WARN_ABOUT_RETURN_TYPE = YES_ERROR;
				GCC_WARN_UNDECLARED_SELECTOR = YES;
				GCC_WARN_UNINITIALIZED_AUTOS = YES_AGGRESSIVE;
				GCC_WARN_UNUSED_FUNCTION = YES;
				GCC_WARN_UNUSED_VARIABLE = YES;
				MACOSX_DEPLOYMENT_TARGET = 13.1;
				MTL_ENABLE_DEBUG_INFO = INCLUDE_SOURCE;
				MTL_FAST_MATH = YES;
				ONLY_ACTIVE_ARCH = YES;
				SDKROOT = macosx;
				SWIFT_ACTIVE_COMPILATION_CONDITIONS = DEBUG;
				SWIFT_OPTIMIZATION_LEVEL = "-Onone";
			};
			name = Debug;
		};
		C923543E29632B600056205D /* Release */ = {
			isa = XCBuildConfiguration;
			buildSettings = {
				ALWAYS_SEARCH_USER_PATHS = NO;
				CLANG_ANALYZER_NONNULL = YES;
				CLANG_ANALYZER_NUMBER_OBJECT_CONVERSION = YES_AGGRESSIVE;
				CLANG_CXX_LANGUAGE_STANDARD = "gnu++20";
				CLANG_ENABLE_MODULES = YES;
				CLANG_ENABLE_OBJC_ARC = YES;
				CLANG_ENABLE_OBJC_WEAK = YES;
				CLANG_WARN_BLOCK_CAPTURE_AUTORELEASING = YES;
				CLANG_WARN_BOOL_CONVERSION = YES;
				CLANG_WARN_COMMA = YES;
				CLANG_WARN_CONSTANT_CONVERSION = YES;
				CLANG_WARN_DEPRECATED_OBJC_IMPLEMENTATIONS = YES;
				CLANG_WARN_DIRECT_OBJC_ISA_USAGE = YES_ERROR;
				CLANG_WARN_DOCUMENTATION_COMMENTS = YES;
				CLANG_WARN_EMPTY_BODY = YES;
				CLANG_WARN_ENUM_CONVERSION = YES;
				CLANG_WARN_INFINITE_RECURSION = YES;
				CLANG_WARN_INT_CONVERSION = YES;
				CLANG_WARN_NON_LITERAL_NULL_CONVERSION = YES;
				CLANG_WARN_OBJC_IMPLICIT_RETAIN_SELF = YES;
				CLANG_WARN_OBJC_LITERAL_CONVERSION = YES;
				CLANG_WARN_OBJC_ROOT_CLASS = YES_ERROR;
				CLANG_WARN_QUOTED_INCLUDE_IN_FRAMEWORK_HEADER = YES;
				CLANG_WARN_RANGE_LOOP_ANALYSIS = YES;
				CLANG_WARN_STRICT_PROTOTYPES = YES;
				CLANG_WARN_SUSPICIOUS_MOVE = YES;
				CLANG_WARN_UNGUARDED_AVAILABILITY = YES_AGGRESSIVE;
				CLANG_WARN_UNREACHABLE_CODE = YES;
				CLANG_WARN__DUPLICATE_METHOD_MATCH = YES;
				COPY_PHASE_STRIP = NO;
				DEBUG_INFORMATION_FORMAT = "dwarf-with-dsym";
				ENABLE_NS_ASSERTIONS = NO;
				ENABLE_STRICT_OBJC_MSGSEND = YES;
				GCC_C_LANGUAGE_STANDARD = gnu11;
				GCC_NO_COMMON_BLOCKS = YES;
				GCC_WARN_64_TO_32_BIT_CONVERSION = YES;
				GCC_WARN_ABOUT_RETURN_TYPE = YES_ERROR;
				GCC_WARN_UNDECLARED_SELECTOR = YES;
				GCC_WARN_UNINITIALIZED_AUTOS = YES_AGGRESSIVE;
				GCC_WARN_UNUSED_FUNCTION = YES;
				GCC_WARN_UNUSED_VARIABLE = YES;
				MACOSX_DEPLOYMENT_TARGET = 13.1;
				MTL_ENABLE_DEBUG_INFO = NO;
				MTL_FAST_MATH = YES;
				SDKROOT = macosx;
				SWIFT_COMPILATION_MODE = wholemodule;
				SWIFT_OPTIMIZATION_LEVEL = "-O";
			};
			name = Release;
		};
		C923544029632B600056205D /* Debug */ = {
			isa = XCBuildConfiguration;
			buildSettings = {
				CODE_SIGN_STYLE = Automatic;
				DEVELOPMENT_TEAM = JH3ZC8234Q;
				ENABLE_HARDENED_RUNTIME = YES;
				PRODUCT_NAME = "$(TARGET_NAME)";
				SWIFT_VERSION = 5.0;
			};
			name = Debug;
		};
		C923544129632B600056205D /* Release */ = {
			isa = XCBuildConfiguration;
			buildSettings = {
				CODE_SIGN_STYLE = Automatic;
				DEVELOPMENT_TEAM = JH3ZC8234Q;
				ENABLE_HARDENED_RUNTIME = YES;
				PRODUCT_NAME = "$(TARGET_NAME)";
				SWIFT_VERSION = 5.0;
			};
			name = Release;
		};
/* End XCBuildConfiguration section */

/* Begin XCConfigurationList section */
		C923543329632B600056205D /* Build configuration list for PBXProject "Kata" */ = {
			isa = XCConfigurationList;
			buildConfigurations = (
				C923543D29632B600056205D /* Debug */,
				C923543E29632B600056205D /* Release */,
			);
			defaultConfigurationIsVisible = 0;
			defaultConfigurationName = Release;
		};
		C923543F29632B600056205D /* Build configuration list for PBXNativeTarget "Kata" */ = {
			isa = XCConfigurationList;
			buildConfigurations = (
				C923544029632B600056205D /* Debug */,
				C923544129632B600056205D /* Release */,
			);
			defaultConfigurationIsVisible = 0;
			defaultConfigurationName = Release;
		};
/* End XCConfigurationList section */
	};
	rootObject = C923543029632B600056205D /* Project object */;
}
