// !$*UTF8*$!
{
	archiveVersion = 1;
	classes = {
	};
	objectVersion = 56;
	objects = {

/* Begin PBXBuildFile section */
		C97A17D62B516CDB0068960A /* TicketerCoreApp.swift in Sources */ = {isa = PBXBuildFile; fileRef = C97A17D52B516CDB0068960A /* TicketerCoreApp.swift */; };
		C97A17D82B516CDB0068960A /* Persistence.swift in Sources */ = {isa = PBXBuildFile; fileRef = C97A17D72B516CDB0068960A /* Persistence.swift */; };
		C97A17DB2B516CDB0068960A /* TicketerCore.xcdatamodeld in Sources */ = {isa = PBXBuildFile; fileRef = C97A17D92B516CDB0068960A /* TicketerCore.xcdatamodeld */; };
		C97A17DD2B516CDB0068960A /* ContentView.swift in Sources */ = {isa = PBXBuildFile; fileRef = C97A17DC2B516CDB0068960A /* ContentView.swift */; };
		C97A17DF2B516CDC0068960A /* Assets.xcassets in Resources */ = {isa = PBXBuildFile; fileRef = C97A17DE2B516CDC0068960A /* Assets.xcassets */; };
		C97A17E32B516CDC0068960A /* Preview Assets.xcassets in Resources */ = {isa = PBXBuildFile; fileRef = C97A17E22B516CDC0068960A /* Preview Assets.xcassets */; };
		C97A17ED2B516CDC0068960A /* TicketerCoreTests.swift in Sources */ = {isa = PBXBuildFile; fileRef = C97A17EC2B516CDC0068960A /* TicketerCoreTests.swift */; };
		C97A17F72B516CDC0068960A /* TicketerCoreUITests.swift in Sources */ = {isa = PBXBuildFile; fileRef = C97A17F62B516CDC0068960A /* TicketerCoreUITests.swift */; };
		C97A17F92B516CDC0068960A /* TicketerCoreUITestsLaunchTests.swift in Sources */ = {isa = PBXBuildFile; fileRef = C97A17F82B516CDC0068960A /* TicketerCoreUITestsLaunchTests.swift */; };
/* End PBXBuildFile section */

/* Begin PBXContainerItemProxy section */
		C97A17E92B516CDC0068960A /* PBXContainerItemProxy */ = {
			isa = PBXContainerItemProxy;
			containerPortal = C97A17CA2B516CDB0068960A /* Project object */;
			proxyType = 1;
			remoteGlobalIDString = C97A17D12B516CDB0068960A;
			remoteInfo = TicketerCore;
		};
		C97A17F32B516CDC0068960A /* PBXContainerItemProxy */ = {
			isa = PBXContainerItemProxy;
			containerPortal = C97A17CA2B516CDB0068960A /* Project object */;
			proxyType = 1;
			remoteGlobalIDString = C97A17D12B516CDB0068960A;
			remoteInfo = TicketerCore;
		};
/* End PBXContainerItemProxy section */

/* Begin PBXFileReference section */
		C97A17D22B516CDB0068960A /* TicketerCore.app */ = {isa = PBXFileReference; explicitFileType = wrapper.application; includeInIndex = 0; path = TicketerCore.app; sourceTree = BUILT_PRODUCTS_DIR; };
		C97A17D52B516CDB0068960A /* TicketerCoreApp.swift */ = {isa = PBXFileReference; lastKnownFileType = sourcecode.swift; path = TicketerCoreApp.swift; sourceTree = "<group>"; };
		C97A17D72B516CDB0068960A /* Persistence.swift */ = {isa = PBXFileReference; lastKnownFileType = sourcecode.swift; path = Persistence.swift; sourceTree = "<group>"; };
		C97A17DA2B516CDB0068960A /* TicketerCore.xcdatamodel */ = {isa = PBXFileReference; lastKnownFileType = wrapper.xcdatamodel; path = TicketerCore.xcdatamodel; sourceTree = "<group>"; };
		C97A17DC2B516CDB0068960A /* ContentView.swift */ = {isa = PBXFileReference; lastKnownFileType = sourcecode.swift; path = ContentView.swift; sourceTree = "<group>"; };
		C97A17DE2B516CDC0068960A /* Assets.xcassets */ = {isa = PBXFileReference; lastKnownFileType = folder.assetcatalog; path = Assets.xcassets; sourceTree = "<group>"; };
		C97A17E02B516CDC0068960A /* TicketerCore.entitlements */ = {isa = PBXFileReference; lastKnownFileType = text.plist.entitlements; path = TicketerCore.entitlements; sourceTree = "<group>"; };
		C97A17E22B516CDC0068960A /* Preview Assets.xcassets */ = {isa = PBXFileReference; lastKnownFileType = folder.assetcatalog; path = "Preview Assets.xcassets"; sourceTree = "<group>"; };
		C97A17E82B516CDC0068960A /* TicketerCoreTests.xctest */ = {isa = PBXFileReference; explicitFileType = wrapper.cfbundle; includeInIndex = 0; path = TicketerCoreTests.xctest; sourceTree = BUILT_PRODUCTS_DIR; };
		C97A17EC2B516CDC0068960A /* TicketerCoreTests.swift */ = {isa = PBXFileReference; lastKnownFileType = sourcecode.swift; path = TicketerCoreTests.swift; sourceTree = "<group>"; };
		C97A17F22B516CDC0068960A /* TicketerCoreUITests.xctest */ = {isa = PBXFileReference; explicitFileType = wrapper.cfbundle; includeInIndex = 0; path = TicketerCoreUITests.xctest; sourceTree = BUILT_PRODUCTS_DIR; };
		C97A17F62B516CDC0068960A /* TicketerCoreUITests.swift */ = {isa = PBXFileReference; lastKnownFileType = sourcecode.swift; path = TicketerCoreUITests.swift; sourceTree = "<group>"; };
		C97A17F82B516CDC0068960A /* TicketerCoreUITestsLaunchTests.swift */ = {isa = PBXFileReference; lastKnownFileType = sourcecode.swift; path = TicketerCoreUITestsLaunchTests.swift; sourceTree = "<group>"; };
/* End PBXFileReference section */

/* Begin PBXFrameworksBuildPhase section */
		C97A17CF2B516CDB0068960A /* Frameworks */ = {
			isa = PBXFrameworksBuildPhase;
			buildActionMask = 2147483647;
			files = (
			);
			runOnlyForDeploymentPostprocessing = 0;
		};
		C97A17E52B516CDC0068960A /* Frameworks */ = {
			isa = PBXFrameworksBuildPhase;
			buildActionMask = 2147483647;
			files = (
			);
			runOnlyForDeploymentPostprocessing = 0;
		};
		C97A17EF2B516CDC0068960A /* Frameworks */ = {
			isa = PBXFrameworksBuildPhase;
			buildActionMask = 2147483647;
			files = (
			);
			runOnlyForDeploymentPostprocessing = 0;
		};
/* End PBXFrameworksBuildPhase section */

/* Begin PBXGroup section */
		C97A17C92B516CDB0068960A = {
			isa = PBXGroup;
			children = (
				C97A17D42B516CDB0068960A /* TicketerCore */,
				C97A17EB2B516CDC0068960A /* TicketerCoreTests */,
				C97A17F52B516CDC0068960A /* TicketerCoreUITests */,
				C97A17D32B516CDB0068960A /* Products */,
			);
			sourceTree = "<group>";
		};
		C97A17D32B516CDB0068960A /* Products */ = {
			isa = PBXGroup;
			children = (
				C97A17D22B516CDB0068960A /* TicketerCore.app */,
				C97A17E82B516CDC0068960A /* TicketerCoreTests.xctest */,
				C97A17F22B516CDC0068960A /* TicketerCoreUITests.xctest */,
			);
			name = Products;
			sourceTree = "<group>";
		};
		C97A17D42B516CDB0068960A /* TicketerCore */ = {
			isa = PBXGroup;
			children = (
				C97A17D52B516CDB0068960A /* TicketerCoreApp.swift */,
				C97A17D72B516CDB0068960A /* Persistence.swift */,
				C97A17DC2B516CDB0068960A /* ContentView.swift */,
				C97A17DE2B516CDC0068960A /* Assets.xcassets */,
				C97A17E02B516CDC0068960A /* TicketerCore.entitlements */,
				C97A17D92B516CDB0068960A /* TicketerCore.xcdatamodeld */,
				C97A17E12B516CDC0068960A /* Preview Content */,
			);
			path = TicketerCore;
			sourceTree = "<group>";
		};
		C97A17E12B516CDC0068960A /* Preview Content */ = {
			isa = PBXGroup;
			children = (
				C97A17E22B516CDC0068960A /* Preview Assets.xcassets */,
			);
			path = "Preview Content";
			sourceTree = "<group>";
		};
		C97A17EB2B516CDC0068960A /* TicketerCoreTests */ = {
			isa = PBXGroup;
			children = (
				C97A17EC2B516CDC0068960A /* TicketerCoreTests.swift */,
			);
			path = TicketerCoreTests;
			sourceTree = "<group>";
		};
		C97A17F52B516CDC0068960A /* TicketerCoreUITests */ = {
			isa = PBXGroup;
			children = (
				C97A17F62B516CDC0068960A /* TicketerCoreUITests.swift */,
				C97A17F82B516CDC0068960A /* TicketerCoreUITestsLaunchTests.swift */,
			);
			path = TicketerCoreUITests;
			sourceTree = "<group>";
		};
/* End PBXGroup section */

/* Begin PBXNativeTarget section */
		C97A17D12B516CDB0068960A /* TicketerCore */ = {
			isa = PBXNativeTarget;
			buildConfigurationList = C97A17FC2B516CDC0068960A /* Build configuration list for PBXNativeTarget "TicketerCore" */;
			buildPhases = (
				C97A17CE2B516CDB0068960A /* Sources */,
				C97A17CF2B516CDB0068960A /* Frameworks */,
				C97A17D02B516CDB0068960A /* Resources */,
			);
			buildRules = (
			);
			dependencies = (
			);
			name = TicketerCore;
			productName = TicketerCore;
			productReference = C97A17D22B516CDB0068960A /* TicketerCore.app */;
			productType = "com.apple.product-type.application";
		};
		C97A17E72B516CDC0068960A /* TicketerCoreTests */ = {
			isa = PBXNativeTarget;
			buildConfigurationList = C97A17FF2B516CDC0068960A /* Build configuration list for PBXNativeTarget "TicketerCoreTests" */;
			buildPhases = (
				C97A17E42B516CDC0068960A /* Sources */,
				C97A17E52B516CDC0068960A /* Frameworks */,
				C97A17E62B516CDC0068960A /* Resources */,
			);
			buildRules = (
			);
			dependencies = (
				C97A17EA2B516CDC0068960A /* PBXTargetDependency */,
			);
			name = TicketerCoreTests;
			productName = TicketerCoreTests;
			productReference = C97A17E82B516CDC0068960A /* TicketerCoreTests.xctest */;
			productType = "com.apple.product-type.bundle.unit-test";
		};
		C97A17F12B516CDC0068960A /* TicketerCoreUITests */ = {
			isa = PBXNativeTarget;
			buildConfigurationList = C97A18022B516CDC0068960A /* Build configuration list for PBXNativeTarget "TicketerCoreUITests" */;
			buildPhases = (
				C97A17EE2B516CDC0068960A /* Sources */,
				C97A17EF2B516CDC0068960A /* Frameworks */,
				C97A17F02B516CDC0068960A /* Resources */,
			);
			buildRules = (
			);
			dependencies = (
				C97A17F42B516CDC0068960A /* PBXTargetDependency */,
			);
			name = TicketerCoreUITests;
			productName = TicketerCoreUITests;
			productReference = C97A17F22B516CDC0068960A /* TicketerCoreUITests.xctest */;
			productType = "com.apple.product-type.bundle.ui-testing";
		};
/* End PBXNativeTarget section */

/* Begin PBXProject section */
		C97A17CA2B516CDB0068960A /* Project object */ = {
			isa = PBXProject;
			attributes = {
				BuildIndependentTargetsInParallel = 1;
				LastSwiftUpdateCheck = 1520;
				LastUpgradeCheck = 1520;
				TargetAttributes = {
					C97A17D12B516CDB0068960A = {
						CreatedOnToolsVersion = 15.2;
					};
					C97A17E72B516CDC0068960A = {
						CreatedOnToolsVersion = 15.2;
						TestTargetID = C97A17D12B516CDB0068960A;
					};
					C97A17F12B516CDC0068960A = {
						CreatedOnToolsVersion = 15.2;
						TestTargetID = C97A17D12B516CDB0068960A;
					};
				};
			};
			buildConfigurationList = C97A17CD2B516CDB0068960A /* Build configuration list for PBXProject "TicketerCore" */;
			compatibilityVersion = "Xcode 14.0";
			developmentRegion = en;
			hasScannedForEncodings = 0;
			knownRegions = (
				en,
				Base,
			);
			mainGroup = C97A17C92B516CDB0068960A;
			productRefGroup = C97A17D32B516CDB0068960A /* Products */;
			projectDirPath = "";
			projectRoot = "";
			targets = (
				C97A17D12B516CDB0068960A /* TicketerCore */,
				C97A17E72B516CDC0068960A /* TicketerCoreTests */,
				C97A17F12B516CDC0068960A /* TicketerCoreUITests */,
			);
		};
/* End PBXProject section */

/* Begin PBXResourcesBuildPhase section */
		C97A17D02B516CDB0068960A /* Resources */ = {
			isa = PBXResourcesBuildPhase;
			buildActionMask = 2147483647;
			files = (
				C97A17E32B516CDC0068960A /* Preview Assets.xcassets in Resources */,
				C97A17DF2B516CDC0068960A /* Assets.xcassets in Resources */,
			);
			runOnlyForDeploymentPostprocessing = 0;
		};
		C97A17E62B516CDC0068960A /* Resources */ = {
			isa = PBXResourcesBuildPhase;
			buildActionMask = 2147483647;
			files = (
			);
			runOnlyForDeploymentPostprocessing = 0;
		};
		C97A17F02B516CDC0068960A /* Resources */ = {
			isa = PBXResourcesBuildPhase;
			buildActionMask = 2147483647;
			files = (
			);
			runOnlyForDeploymentPostprocessing = 0;
		};
/* End PBXResourcesBuildPhase section */

/* Begin PBXSourcesBuildPhase section */
		C97A17CE2B516CDB0068960A /* Sources */ = {
			isa = PBXSourcesBuildPhase;
			buildActionMask = 2147483647;
			files = (
				C97A17D62B516CDB0068960A /* TicketerCoreApp.swift in Sources */,
				C97A17DB2B516CDB0068960A /* TicketerCore.xcdatamodeld in Sources */,
				C97A17DD2B516CDB0068960A /* ContentView.swift in Sources */,
				C97A17D82B516CDB0068960A /* Persistence.swift in Sources */,
			);
			runOnlyForDeploymentPostprocessing = 0;
		};
		C97A17E42B516CDC0068960A /* Sources */ = {
			isa = PBXSourcesBuildPhase;
			buildActionMask = 2147483647;
			files = (
				C97A17ED2B516CDC0068960A /* TicketerCoreTests.swift in Sources */,
			);
			runOnlyForDeploymentPostprocessing = 0;
		};
		C97A17EE2B516CDC0068960A /* Sources */ = {
			isa = PBXSourcesBuildPhase;
			buildActionMask = 2147483647;
			files = (
				C97A17F92B516CDC0068960A /* TicketerCoreUITestsLaunchTests.swift in Sources */,
				C97A17F72B516CDC0068960A /* TicketerCoreUITests.swift in Sources */,
			);
			runOnlyForDeploymentPostprocessing = 0;
		};
/* End PBXSourcesBuildPhase section */

/* Begin PBXTargetDependency section */
		C97A17EA2B516CDC0068960A /* PBXTargetDependency */ = {
			isa = PBXTargetDependency;
			target = C97A17D12B516CDB0068960A /* TicketerCore */;
			targetProxy = C97A17E92B516CDC0068960A /* PBXContainerItemProxy */;
		};
		C97A17F42B516CDC0068960A /* PBXTargetDependency */ = {
			isa = PBXTargetDependency;
			target = C97A17D12B516CDB0068960A /* TicketerCore */;
			targetProxy = C97A17F32B516CDC0068960A /* PBXContainerItemProxy */;
		};
/* End PBXTargetDependency section */

/* Begin XCBuildConfiguration section */
		C97A17FA2B516CDC0068960A /* Debug */ = {
			isa = XCBuildConfiguration;
			buildSettings = {
				ALWAYS_SEARCH_USER_PATHS = NO;
				ASSETCATALOG_COMPILER_GENERATE_SWIFT_ASSET_SYMBOL_EXTENSIONS = YES;
				CLANG_ANALYZER_NONNULL = YES;
				CLANG_ANALYZER_NUMBER_OBJECT_CONVERSION = YES_AGGRESSIVE;
				CLANG_CXX_LANGUAGE_STANDARD = "gnu++20";
				CLANG_ENABLE_MODULES = YES;
				CLANG_ENABLE_OBJC_ARC = YES;
				CLANG_ENABLE_OBJC_WEAK = YES;
				CLANG_WARN_BLOCK_CAPTURE_AUTORELEASING = YES;
				CLANG_WARN_BOOL_CONVERSION = YES;
				CLANG_WARN_COMMA = YES;
				CLANG_WARN_CONSTANT_CONVERSION = YES;
				CLANG_WARN_DEPRECATED_OBJC_IMPLEMENTATIONS = YES;
				CLANG_WARN_DIRECT_OBJC_ISA_USAGE = YES_ERROR;
				CLANG_WARN_DOCUMENTATION_COMMENTS = YES;
				CLANG_WARN_EMPTY_BODY = YES;
				CLANG_WARN_ENUM_CONVERSION = YES;
				CLANG_WARN_INFINITE_RECURSION = YES;
				CLANG_WARN_INT_CONVERSION = YES;
				CLANG_WARN_NON_LITERAL_NULL_CONVERSION = YES;
				CLANG_WARN_OBJC_IMPLICIT_RETAIN_SELF = YES;
				CLANG_WARN_OBJC_LITERAL_CONVERSION = YES;
				CLANG_WARN_OBJC_ROOT_CLASS = YES_ERROR;
				CLANG_WARN_QUOTED_INCLUDE_IN_FRAMEWORK_HEADER = YES;
				CLANG_WARN_RANGE_LOOP_ANALYSIS = YES;
				CLANG_WARN_STRICT_PROTOTYPES = YES;
				CLANG_WARN_SUSPICIOUS_MOVE = YES;
				CLANG_WARN_UNGUARDED_AVAILABILITY = YES_AGGRESSIVE;
				CLANG_WARN_UNREACHABLE_CODE = YES;
				CLANG_WARN__DUPLICATE_METHOD_MATCH = YES;
				COPY_PHASE_STRIP = NO;
				DEBUG_INFORMATION_FORMAT = dwarf;
				ENABLE_STRICT_OBJC_MSGSEND = YES;
				ENABLE_TESTABILITY = YES;
				ENABLE_USER_SCRIPT_SANDBOXING = YES;
				GCC_C_LANGUAGE_STANDARD = gnu17;
				GCC_DYNAMIC_NO_PIC = NO;
				GCC_NO_COMMON_BLOCKS = YES;
				GCC_OPTIMIZATION_LEVEL = 0;
				GCC_PREPROCESSOR_DEFINITIONS = (
					"DEBUG=1",
					"$(inherited)",
				);
				GCC_WARN_64_TO_32_BIT_CONVERSION = YES;
				GCC_WARN_ABOUT_RETURN_TYPE = YES_ERROR;
				GCC_WARN_UNDECLARED_SELECTOR = YES;
				GCC_WARN_UNINITIALIZED_AUTOS = YES_AGGRESSIVE;
				GCC_WARN_UNUSED_FUNCTION = YES;
				GCC_WARN_UNUSED_VARIABLE = YES;
				LOCALIZATION_PREFERS_STRING_CATALOGS = YES;
				MTL_ENABLE_DEBUG_INFO = INCLUDE_SOURCE;
				MTL_FAST_MATH = YES;
				ONLY_ACTIVE_ARCH = YES;
				SWIFT_ACTIVE_COMPILATION_CONDITIONS = "DEBUG $(inherited)";
				SWIFT_OPTIMIZATION_LEVEL = "-Onone";
			};
			name = Debug;
		};
		C97A17FB2B516CDC0068960A /* Release */ = {
			isa = XCBuildConfiguration;
			buildSettings = {
				ALWAYS_SEARCH_USER_PATHS = NO;
				ASSETCATALOG_COMPILER_GENERATE_SWIFT_ASSET_SYMBOL_EXTENSIONS = YES;
				CLANG_ANALYZER_NONNULL = YES;
				CLANG_ANALYZER_NUMBER_OBJECT_CONVERSION = YES_AGGRESSIVE;
				CLANG_CXX_LANGUAGE_STANDARD = "gnu++20";
				CLANG_ENABLE_MODULES = YES;
				CLANG_ENABLE_OBJC_ARC = YES;
				CLANG_ENABLE_OBJC_WEAK = YES;
				CLANG_WARN_BLOCK_CAPTURE_AUTORELEASING = YES;
				CLANG_WARN_BOOL_CONVERSION = YES;
				CLANG_WARN_COMMA = YES;
				CLANG_WARN_CONSTANT_CONVERSION = YES;
				CLANG_WARN_DEPRECATED_OBJC_IMPLEMENTATIONS = YES;
				CLANG_WARN_DIRECT_OBJC_ISA_USAGE = YES_ERROR;
				CLANG_WARN_DOCUMENTATION_COMMENTS = YES;
				CLANG_WARN_EMPTY_BODY = YES;
				CLANG_WARN_ENUM_CONVERSION = YES;
				CLANG_WARN_INFINITE_RECURSION = YES;
				CLANG_WARN_INT_CONVERSION = YES;
				CLANG_WARN_NON_LITERAL_NULL_CONVERSION = YES;
				CLANG_WARN_OBJC_IMPLICIT_RETAIN_SELF = YES;
				CLANG_WARN_OBJC_LITERAL_CONVERSION = YES;
				CLANG_WARN_OBJC_ROOT_CLASS = YES_ERROR;
				CLANG_WARN_QUOTED_INCLUDE_IN_FRAMEWORK_HEADER = YES;
				CLANG_WARN_RANGE_LOOP_ANALYSIS = YES;
				CLANG_WARN_STRICT_PROTOTYPES = YES;
				CLANG_WARN_SUSPICIOUS_MOVE = YES;
				CLANG_WARN_UNGUARDED_AVAILABILITY = YES_AGGRESSIVE;
				CLANG_WARN_UNREACHABLE_CODE = YES;
				CLANG_WARN__DUPLICATE_METHOD_MATCH = YES;
				COPY_PHASE_STRIP = NO;
				DEBUG_INFORMATION_FORMAT = "dwarf-with-dsym";
				ENABLE_NS_ASSERTIONS = NO;
				ENABLE_STRICT_OBJC_MSGSEND = YES;
				ENABLE_USER_SCRIPT_SANDBOXING = YES;
				GCC_C_LANGUAGE_STANDARD = gnu17;
				GCC_NO_COMMON_BLOCKS = YES;
				GCC_WARN_64_TO_32_BIT_CONVERSION = YES;
				GCC_WARN_ABOUT_RETURN_TYPE = YES_ERROR;
				GCC_WARN_UNDECLARED_SELECTOR = YES;
				GCC_WARN_UNINITIALIZED_AUTOS = YES_AGGRESSIVE;
				GCC_WARN_UNUSED_FUNCTION = YES;
				GCC_WARN_UNUSED_VARIABLE = YES;
				LOCALIZATION_PREFERS_STRING_CATALOGS = YES;
				MTL_ENABLE_DEBUG_INFO = NO;
				MTL_FAST_MATH = YES;
				SWIFT_COMPILATION_MODE = wholemodule;
			};
			name = Release;
		};
		C97A17FD2B516CDC0068960A /* Debug */ = {
			isa = XCBuildConfiguration;
			buildSettings = {
				ASSETCATALOG_COMPILER_APPICON_NAME = AppIcon;
				ASSETCATALOG_COMPILER_GLOBAL_ACCENT_COLOR_NAME = AccentColor;
				CODE_SIGN_ENTITLEMENTS = TicketerCore/TicketerCore.entitlements;
				CODE_SIGN_STYLE = Automatic;
				CURRENT_PROJECT_VERSION = 1;
				DEVELOPMENT_ASSET_PATHS = "\"TicketerCore/Preview Content\"";
				DEVELOPMENT_TEAM = JH3ZC8234Q;
				ENABLE_HARDENED_RUNTIME = YES;
				ENABLE_PREVIEWS = YES;
				GENERATE_INFOPLIST_FILE = YES;
				"INFOPLIST_KEY_UIApplicationSceneManifest_Generation[sdk=iphoneos*]" = YES;
				"INFOPLIST_KEY_UIApplicationSceneManifest_Generation[sdk=iphonesimulator*]" = YES;
				"INFOPLIST_KEY_UIApplicationSupportsIndirectInputEvents[sdk=iphoneos*]" = YES;
				"INFOPLIST_KEY_UIApplicationSupportsIndirectInputEvents[sdk=iphonesimulator*]" = YES;
				"INFOPLIST_KEY_UILaunchScreen_Generation[sdk=iphoneos*]" = YES;
				"INFOPLIST_KEY_UILaunchScreen_Generation[sdk=iphonesimulator*]" = YES;
				"INFOPLIST_KEY_UIStatusBarStyle[sdk=iphoneos*]" = UIStatusBarStyleDefault;
				"INFOPLIST_KEY_UIStatusBarStyle[sdk=iphonesimulator*]" = UIStatusBarStyleDefault;
				INFOPLIST_KEY_UISupportedInterfaceOrientations_iPad = "UIInterfaceOrientationPortrait UIInterfaceOrientationPortraitUpsideDown UIInterfaceOrientationLandscapeLeft UIInterfaceOrientationLandscapeRight";
				INFOPLIST_KEY_UISupportedInterfaceOrientations_iPhone = "UIInterfaceOrientationPortrait UIInterfaceOrientationLandscapeLeft UIInterfaceOrientationLandscapeRight";
				IPHONEOS_DEPLOYMENT_TARGET = 17.2;
				LD_RUNPATH_SEARCH_PATHS = "@executable_path/Frameworks";
				"LD_RUNPATH_SEARCH_PATHS[sdk=macosx*]" = "@executable_path/../Frameworks";
				MACOSX_DEPLOYMENT_TARGET = 14.2;
				MARKETING_VERSION = 1.0;
				PRODUCT_BUNDLE_IDENTIFIER = com.fogusbogus.TicketerCore;
				PRODUCT_NAME = "$(TARGET_NAME)";
				SDKROOT = auto;
				SUPPORTED_PLATFORMS = "iphoneos iphonesimulator macosx";
				SWIFT_EMIT_LOC_STRINGS = YES;
				SWIFT_VERSION = 5.0;
				TARGETED_DEVICE_FAMILY = "1,2";
			};
			name = Debug;
		};
		C97A17FE2B516CDC0068960A /* Release */ = {
			isa = XCBuildConfiguration;
			buildSettings = {
				ASSETCATALOG_COMPILER_APPICON_NAME = AppIcon;
				ASSETCATALOG_COMPILER_GLOBAL_ACCENT_COLOR_NAME = AccentColor;
				CODE_SIGN_ENTITLEMENTS = TicketerCore/TicketerCore.entitlements;
				CODE_SIGN_STYLE = Automatic;
				CURRENT_PROJECT_VERSION = 1;
				DEVELOPMENT_ASSET_PATHS = "\"TicketerCore/Preview Content\"";
				DEVELOPMENT_TEAM = JH3ZC8234Q;
				ENABLE_HARDENED_RUNTIME = YES;
				ENABLE_PREVIEWS = YES;
				GENERATE_INFOPLIST_FILE = YES;
				"INFOPLIST_KEY_UIApplicationSceneManifest_Generation[sdk=iphoneos*]" = YES;
				"INFOPLIST_KEY_UIApplicationSceneManifest_Generation[sdk=iphonesimulator*]" = YES;
				"INFOPLIST_KEY_UIApplicationSupportsIndirectInputEvents[sdk=iphoneos*]" = YES;
				"INFOPLIST_KEY_UIApplicationSupportsIndirectInputEvents[sdk=iphonesimulator*]" = YES;
				"INFOPLIST_KEY_UILaunchScreen_Generation[sdk=iphoneos*]" = YES;
				"INFOPLIST_KEY_UILaunchScreen_Generation[sdk=iphonesimulator*]" = YES;
				"INFOPLIST_KEY_UIStatusBarStyle[sdk=iphoneos*]" = UIStatusBarStyleDefault;
				"INFOPLIST_KEY_UIStatusBarStyle[sdk=iphonesimulator*]" = UIStatusBarStyleDefault;
				INFOPLIST_KEY_UISupportedInterfaceOrientations_iPad = "UIInterfaceOrientationPortrait UIInterfaceOrientationPortraitUpsideDown UIInterfaceOrientationLandscapeLeft UIInterfaceOrientationLandscapeRight";
				INFOPLIST_KEY_UISupportedInterfaceOrientations_iPhone = "UIInterfaceOrientationPortrait UIInterfaceOrientationLandscapeLeft UIInterfaceOrientationLandscapeRight";
				IPHONEOS_DEPLOYMENT_TARGET = 17.2;
				LD_RUNPATH_SEARCH_PATHS = "@executable_path/Frameworks";
				"LD_RUNPATH_SEARCH_PATHS[sdk=macosx*]" = "@executable_path/../Frameworks";
				MACOSX_DEPLOYMENT_TARGET = 14.2;
				MARKETING_VERSION = 1.0;
				PRODUCT_BUNDLE_IDENTIFIER = com.fogusbogus.TicketerCore;
				PRODUCT_NAME = "$(TARGET_NAME)";
				SDKROOT = auto;
				SUPPORTED_PLATFORMS = "iphoneos iphonesimulator macosx";
				SWIFT_EMIT_LOC_STRINGS = YES;
				SWIFT_VERSION = 5.0;
				TARGETED_DEVICE_FAMILY = "1,2";
			};
			name = Release;
		};
		C97A18002B516CDC0068960A /* Debug */ = {
			isa = XCBuildConfiguration;
			buildSettings = {
				ALWAYS_EMBED_SWIFT_STANDARD_LIBRARIES = YES;
				BUNDLE_LOADER = "$(TEST_HOST)";
				CODE_SIGN_STYLE = Automatic;
				CURRENT_PROJECT_VERSION = 1;
				DEVELOPMENT_TEAM = JH3ZC8234Q;
				GENERATE_INFOPLIST_FILE = YES;
				IPHONEOS_DEPLOYMENT_TARGET = 17.2;
				MACOSX_DEPLOYMENT_TARGET = 14.2;
				MARKETING_VERSION = 1.0;
				PRODUCT_BUNDLE_IDENTIFIER = com.fogusbogus.TicketerCoreTests;
				PRODUCT_NAME = "$(TARGET_NAME)";
				SDKROOT = auto;
				SUPPORTED_PLATFORMS = "iphoneos iphonesimulator macosx";
				SWIFT_EMIT_LOC_STRINGS = NO;
				SWIFT_VERSION = 5.0;
				TARGETED_DEVICE_FAMILY = "1,2";
				TEST_HOST = "$(BUILT_PRODUCTS_DIR)/TicketerCore.app/$(BUNDLE_EXECUTABLE_FOLDER_PATH)/TicketerCore";
			};
			name = Debug;
		};
		C97A18012B516CDC0068960A /* Release */ = {
			isa = XCBuildConfiguration;
			buildSettings = {
				ALWAYS_EMBED_SWIFT_STANDARD_LIBRARIES = YES;
				BUNDLE_LOADER = "$(TEST_HOST)";
				CODE_SIGN_STYLE = Automatic;
				CURRENT_PROJECT_VERSION = 1;
				DEVELOPMENT_TEAM = JH3ZC8234Q;
				GENERATE_INFOPLIST_FILE = YES;
				IPHONEOS_DEPLOYMENT_TARGET = 17.2;
				MACOSX_DEPLOYMENT_TARGET = 14.2;
				MARKETING_VERSION = 1.0;
				PRODUCT_BUNDLE_IDENTIFIER = com.fogusbogus.TicketerCoreTests;
				PRODUCT_NAME = "$(TARGET_NAME)";
				SDKROOT = auto;
				SUPPORTED_PLATFORMS = "iphoneos iphonesimulator macosx";
				SWIFT_EMIT_LOC_STRINGS = NO;
				SWIFT_VERSION = 5.0;
				TARGETED_DEVICE_FAMILY = "1,2";
				TEST_HOST = "$(BUILT_PRODUCTS_DIR)/TicketerCore.app/$(BUNDLE_EXECUTABLE_FOLDER_PATH)/TicketerCore";
			};
			name = Release;
		};
		C97A18032B516CDC0068960A /* Debug */ = {
			isa = XCBuildConfiguration;
			buildSettings = {
				ALWAYS_EMBED_SWIFT_STANDARD_LIBRARIES = YES;
				CODE_SIGN_STYLE = Automatic;
				CURRENT_PROJECT_VERSION = 1;
				DEVELOPMENT_TEAM = JH3ZC8234Q;
				GENERATE_INFOPLIST_FILE = YES;
				IPHONEOS_DEPLOYMENT_TARGET = 17.2;
				MACOSX_DEPLOYMENT_TARGET = 14.2;
				MARKETING_VERSION = 1.0;
				PRODUCT_BUNDLE_IDENTIFIER = com.fogusbogus.TicketerCoreUITests;
				PRODUCT_NAME = "$(TARGET_NAME)";
				SDKROOT = auto;
				SUPPORTED_PLATFORMS = "iphoneos iphonesimulator macosx";
				SWIFT_EMIT_LOC_STRINGS = NO;
				SWIFT_VERSION = 5.0;
				TARGETED_DEVICE_FAMILY = "1,2";
				TEST_TARGET_NAME = TicketerCore;
			};
			name = Debug;
		};
		C97A18042B516CDC0068960A /* Release */ = {
			isa = XCBuildConfiguration;
			buildSettings = {
				ALWAYS_EMBED_SWIFT_STANDARD_LIBRARIES = YES;
				CODE_SIGN_STYLE = Automatic;
				CURRENT_PROJECT_VERSION = 1;
				DEVELOPMENT_TEAM = JH3ZC8234Q;
				GENERATE_INFOPLIST_FILE = YES;
				IPHONEOS_DEPLOYMENT_TARGET = 17.2;
				MACOSX_DEPLOYMENT_TARGET = 14.2;
				MARKETING_VERSION = 1.0;
				PRODUCT_BUNDLE_IDENTIFIER = com.fogusbogus.TicketerCoreUITests;
				PRODUCT_NAME = "$(TARGET_NAME)";
				SDKROOT = auto;
				SUPPORTED_PLATFORMS = "iphoneos iphonesimulator macosx";
				SWIFT_EMIT_LOC_STRINGS = NO;
				SWIFT_VERSION = 5.0;
				TARGETED_DEVICE_FAMILY = "1,2";
				TEST_TARGET_NAME = TicketerCore;
			};
			name = Release;
		};
/* End XCBuildConfiguration section */

/* Begin XCConfigurationList section */
		C97A17CD2B516CDB0068960A /* Build configuration list for PBXProject "TicketerCore" */ = {
			isa = XCConfigurationList;
			buildConfigurations = (
				C97A17FA2B516CDC0068960A /* Debug */,
				C97A17FB2B516CDC0068960A /* Release */,
			);
			defaultConfigurationIsVisible = 0;
			defaultConfigurationName = Release;
		};
		C97A17FC2B516CDC0068960A /* Build configuration list for PBXNativeTarget "TicketerCore" */ = {
			isa = XCConfigurationList;
			buildConfigurations = (
				C97A17FD2B516CDC0068960A /* Debug */,
				C97A17FE2B516CDC0068960A /* Release */,
			);
			defaultConfigurationIsVisible = 0;
			defaultConfigurationName = Release;
		};
		C97A17FF2B516CDC0068960A /* Build configuration list for PBXNativeTarget "TicketerCoreTests" */ = {
			isa = XCConfigurationList;
			buildConfigurations = (
				C97A18002B516CDC0068960A /* Debug */,
				C97A18012B516CDC0068960A /* Release */,
			);
			defaultConfigurationIsVisible = 0;
			defaultConfigurationName = Release;
		};
		C97A18022B516CDC0068960A /* Build configuration list for PBXNativeTarget "TicketerCoreUITests" */ = {
			isa = XCConfigurationList;
			buildConfigurations = (
				C97A18032B516CDC0068960A /* Debug */,
				C97A18042B516CDC0068960A /* Release */,
			);
			defaultConfigurationIsVisible = 0;
			defaultConfigurationName = Release;
		};
/* End XCConfigurationList section */

/* Begin XCVersionGroup section */
		C97A17D92B516CDB0068960A /* TicketerCore.xcdatamodeld */ = {
			isa = XCVersionGroup;
			children = (
				C97A17DA2B516CDB0068960A /* TicketerCore.xcdatamodel */,
			);
			currentVersion = C97A17DA2B516CDB0068960A /* TicketerCore.xcdatamodel */;
			path = TicketerCore.xcdatamodeld;
			sourceTree = "<group>";
			versionGroupType = wrapper.xcdatamodel;
		};
/* End XCVersionGroup section */
	};
	rootObject = C97A17CA2B516CDB0068960A /* Project object */;
}
