// !$*UTF8*$!
{
	archiveVersion = 1;
	classes = {
	};
	objectVersion = 56;
	objects = {

/* Begin PBXBuildFile section */
		C921016929F5FB8500F4E295 /* TreeViewDepApp.swift in Sources */ = {isa = PBXBuildFile; fileRef = C921016829F5FB8500F4E295 /* TreeViewDepApp.swift */; };
		C921016D29F5FB8600F4E295 /* Assets.xcassets in Resources */ = {isa = PBXBuildFile; fileRef = C921016C29F5FB8600F4E295 /* Assets.xcassets */; };
		C921017029F5FB8600F4E295 /* Preview Assets.xcassets in Resources */ = {isa = PBXBuildFile; fileRef = C921016F29F5FB8600F4E295 /* Preview Assets.xcassets */; };
		C95612632A08715D00424030 /* TreeView in Frameworks */ = {isa = PBXBuildFile; productRef = C95612622A08715D00424030 /* TreeView */; };
		C95612652A0871EA00424030 /* TreeViewUI.swift in Sources */ = {isa = PBXBuildFile; fileRef = C95612642A0871EA00424030 /* TreeViewUI.swift */; };
		C9F0872C29F9FDC200407523 /* Extensions.swift in Sources */ = {isa = PBXBuildFile; fileRef = C9F0872B29F9FDC200407523 /* Extensions.swift */; };
		C9F0872E29FC760F00407523 /* data.json in Resources */ = {isa = PBXBuildFile; fileRef = C9F0872D29FC760F00407523 /* data.json */; };
/* End PBXBuildFile section */

/* Begin PBXFileReference section */
		C921016529F5FB8500F4E295 /* TreeViewDep.app */ = {isa = PBXFileReference; explicitFileType = wrapper.application; includeInIndex = 0; path = TreeViewDep.app; sourceTree = BUILT_PRODUCTS_DIR; };
		C921016829F5FB8500F4E295 /* TreeViewDepApp.swift */ = {isa = PBXFileReference; lastKnownFileType = sourcecode.swift; path = TreeViewDepApp.swift; sourceTree = "<group>"; };
		C921016C29F5FB8600F4E295 /* Assets.xcassets */ = {isa = PBXFileReference; lastKnownFileType = folder.assetcatalog; path = Assets.xcassets; sourceTree = "<group>"; };
		C921016F29F5FB8600F4E295 /* Preview Assets.xcassets */ = {isa = PBXFileReference; lastKnownFileType = folder.assetcatalog; path = "Preview Assets.xcassets"; sourceTree = "<group>"; };
		C921017129F5FB8600F4E295 /* TreeViewDep.entitlements */ = {isa = PBXFileReference; lastKnownFileType = text.plist.entitlements; path = TreeViewDep.entitlements; sourceTree = "<group>"; };
		C95612642A0871EA00424030 /* TreeViewUI.swift */ = {isa = PBXFileReference; lastKnownFileType = sourcecode.swift; path = TreeViewUI.swift; sourceTree = "<group>"; };
		C9F0872B29F9FDC200407523 /* Extensions.swift */ = {isa = PBXFileReference; lastKnownFileType = sourcecode.swift; path = Extensions.swift; sourceTree = "<group>"; };
		C9F0872D29FC760F00407523 /* data.json */ = {isa = PBXFileReference; lastKnownFileType = text.json; path = data.json; sourceTree = "<group>"; };
/* End PBXFileReference section */

/* Begin PBXFrameworksBuildPhase section */
		C921016229F5FB8500F4E295 /* Frameworks */ = {
			isa = PBXFrameworksBuildPhase;
			buildActionMask = 2147483647;
			files = (
				C95612632A08715D00424030 /* TreeView in Frameworks */,
			);
			runOnlyForDeploymentPostprocessing = 0;
		};
/* End PBXFrameworksBuildPhase section */

/* Begin PBXGroup section */
		C921015C29F5FB8500F4E295 = {
			isa = PBXGroup;
			children = (
				C921016729F5FB8500F4E295 /* TreeViewDep */,
				C921016629F5FB8500F4E295 /* Products */,
			);
			sourceTree = "<group>";
		};
		C921016629F5FB8500F4E295 /* Products */ = {
			isa = PBXGroup;
			children = (
				C921016529F5FB8500F4E295 /* TreeViewDep.app */,
			);
			name = Products;
			sourceTree = "<group>";
		};
		C921016729F5FB8500F4E295 /* TreeViewDep */ = {
			isa = PBXGroup;
			children = (
				C921016829F5FB8500F4E295 /* TreeViewDepApp.swift */,
				C921016C29F5FB8600F4E295 /* Assets.xcassets */,
				C921017129F5FB8600F4E295 /* TreeViewDep.entitlements */,
				C921016E29F5FB8600F4E295 /* Preview Content */,
				C9F0872B29F9FDC200407523 /* Extensions.swift */,
				C9F0872D29FC760F00407523 /* data.json */,
				C95612642A0871EA00424030 /* TreeViewUI.swift */,
			);
			path = TreeViewDep;
			sourceTree = "<group>";
		};
		C921016E29F5FB8600F4E295 /* Preview Content */ = {
			isa = PBXGroup;
			children = (
				C921016F29F5FB8600F4E295 /* Preview Assets.xcassets */,
			);
			path = "Preview Content";
			sourceTree = "<group>";
		};
/* End PBXGroup section */

/* Begin PBXNativeTarget section */
		C921016429F5FB8500F4E295 /* TreeViewDep */ = {
			isa = PBXNativeTarget;
			buildConfigurationList = C921017429F5FB8600F4E295 /* Build configuration list for PBXNativeTarget "TreeViewDep" */;
			buildPhases = (
				C921016129F5FB8500F4E295 /* Sources */,
				C921016229F5FB8500F4E295 /* Frameworks */,
				C921016329F5FB8500F4E295 /* Resources */,
			);
			buildRules = (
			);
			dependencies = (
			);
			name = TreeViewDep;
			packageProductDependencies = (
				C95612622A08715D00424030 /* TreeView */,
			);
			productName = TreeViewDep;
			productReference = C921016529F5FB8500F4E295 /* TreeViewDep.app */;
			productType = "com.apple.product-type.application";
		};
/* End PBXNativeTarget section */

/* Begin PBXProject section */
		C921015D29F5FB8500F4E295 /* Project object */ = {
			isa = PBXProject;
			attributes = {
				BuildIndependentTargetsInParallel = 1;
				LastSwiftUpdateCheck = 1430;
				LastUpgradeCheck = 1430;
				TargetAttributes = {
					C921016429F5FB8500F4E295 = {
						CreatedOnToolsVersion = 14.3;
					};
				};
			};
			buildConfigurationList = C921016029F5FB8500F4E295 /* Build configuration list for PBXProject "TreeViewDep" */;
			compatibilityVersion = "Xcode 14.0";
			developmentRegion = en;
			hasScannedForEncodings = 0;
			knownRegions = (
				en,
				Base,
			);
			mainGroup = C921015C29F5FB8500F4E295;
			packageReferences = (
				C95612612A08715D00424030 /* XCRemoteSwiftPackageReference "TreeViewLib" */,
			);
			productRefGroup = C921016629F5FB8500F4E295 /* Products */;
			projectDirPath = "";
			projectRoot = "";
			targets = (
				C921016429F5FB8500F4E295 /* TreeViewDep */,
			);
		};
/* End PBXProject section */

/* Begin PBXResourcesBuildPhase section */
		C921016329F5FB8500F4E295 /* Resources */ = {
			isa = PBXResourcesBuildPhase;
			buildActionMask = 2147483647;
			files = (
				C921017029F5FB8600F4E295 /* Preview Assets.xcassets in Resources */,
				C9F0872E29FC760F00407523 /* data.json in Resources */,
				C921016D29F5FB8600F4E295 /* Assets.xcassets in Resources */,
			);
			runOnlyForDeploymentPostprocessing = 0;
		};
/* End PBXResourcesBuildPhase section */

/* Begin PBXSourcesBuildPhase section */
		C921016129F5FB8500F4E295 /* Sources */ = {
			isa = PBXSourcesBuildPhase;
			buildActionMask = 2147483647;
			files = (
				C9F0872C29F9FDC200407523 /* Extensions.swift in Sources */,
				C921016929F5FB8500F4E295 /* TreeViewDepApp.swift in Sources */,
				C95612652A0871EA00424030 /* TreeViewUI.swift in Sources */,
			);
			runOnlyForDeploymentPostprocessing = 0;
		};
/* End PBXSourcesBuildPhase section */

/* Begin XCBuildConfiguration section */
		C921017229F5FB8600F4E295 /* Debug */ = {
			isa = XCBuildConfiguration;
			buildSettings = {
				ALWAYS_SEARCH_USER_PATHS = NO;
				CLANG_ANALYZER_NONNULL = YES;
				CLANG_ANALYZER_NUMBER_OBJECT_CONVERSION = YES_AGGRESSIVE;
				CLANG_CXX_LANGUAGE_STANDARD = "gnu++20";
				CLANG_ENABLE_MODULES = YES;
				CLANG_ENABLE_OBJC_ARC = YES;
				CLANG_ENABLE_OBJC_WEAK = YES;
				CLANG_WARN_BLOCK_CAPTURE_AUTORELEASING = YES;
				CLANG_WARN_BOOL_CONVERSION = YES;
				CLANG_WARN_COMMA = YES;
				CLANG_WARN_CONSTANT_CONVERSION = YES;
				CLANG_WARN_DEPRECATED_OBJC_IMPLEMENTATIONS = YES;
				CLANG_WARN_DIRECT_OBJC_ISA_USAGE = YES_ERROR;
				CLANG_WARN_DOCUMENTATION_COMMENTS = YES;
				CLANG_WARN_EMPTY_BODY = YES;
				CLANG_WARN_ENUM_CONVERSION = YES;
				CLANG_WARN_INFINITE_RECURSION = YES;
				CLANG_WARN_INT_CONVERSION = YES;
				CLANG_WARN_NON_LITERAL_NULL_CONVERSION = YES;
				CLANG_WARN_OBJC_IMPLICIT_RETAIN_SELF = YES;
				CLANG_WARN_OBJC_LITERAL_CONVERSION = YES;
				CLANG_WARN_OBJC_ROOT_CLASS = YES_ERROR;
				CLANG_WARN_QUOTED_INCLUDE_IN_FRAMEWORK_HEADER = YES;
				CLANG_WARN_RANGE_LOOP_ANALYSIS = YES;
				CLANG_WARN_STRICT_PROTOTYPES = YES;
				CLANG_WARN_SUSPICIOUS_MOVE = YES;
				CLANG_WARN_UNGUARDED_AVAILABILITY = YES_AGGRESSIVE;
				CLANG_WARN_UNREACHABLE_CODE = YES;
				CLANG_WARN__DUPLICATE_METHOD_MATCH = YES;
				COPY_PHASE_STRIP = NO;
				DEBUG_INFORMATION_FORMAT = dwarf;
				ENABLE_STRICT_OBJC_MSGSEND = YES;
				ENABLE_TESTABILITY = YES;
				GCC_C_LANGUAGE_STANDARD = gnu11;
				GCC_DYNAMIC_NO_PIC = NO;
				GCC_NO_COMMON_BLOCKS = YES;
				GCC_OPTIMIZATION_LEVEL = 0;
				GCC_PREPROCESSOR_DEFINITIONS = (
					"DEBUG=1",
					"$(inherited)",
				);
				GCC_WARN_64_TO_32_BIT_CONVERSION = YES;
				GCC_WARN_ABOUT_RETURN_TYPE = YES_ERROR;
				GCC_WARN_UNDECLARED_SELECTOR = YES;
				GCC_WARN_UNINITIALIZED_AUTOS = YES_AGGRESSIVE;
				GCC_WARN_UNUSED_FUNCTION = YES;
				GCC_WARN_UNUSED_VARIABLE = YES;
				MACOSX_DEPLOYMENT_TARGET = 13.3;
				MTL_ENABLE_DEBUG_INFO = INCLUDE_SOURCE;
				MTL_FAST_MATH = YES;
				ONLY_ACTIVE_ARCH = YES;
				SDKROOT = macosx;
				SWIFT_ACTIVE_COMPILATION_CONDITIONS = DEBUG;
				SWIFT_OPTIMIZATION_LEVEL = "-Onone";
			};
			name = Debug;
		};
		C921017329F5FB8600F4E295 /* Release */ = {
			isa = XCBuildConfiguration;
			buildSettings = {
				ALWAYS_SEARCH_USER_PATHS = NO;
				CLANG_ANALYZER_NONNULL = YES;
				CLANG_ANALYZER_NUMBER_OBJECT_CONVERSION = YES_AGGRESSIVE;
				CLANG_CXX_LANGUAGE_STANDARD = "gnu++20";
				CLANG_ENABLE_MODULES = YES;
				CLANG_ENABLE_OBJC_ARC = YES;
				CLANG_ENABLE_OBJC_WEAK = YES;
				CLANG_WARN_BLOCK_CAPTURE_AUTORELEASING = YES;
				CLANG_WARN_BOOL_CONVERSION = YES;
				CLANG_WARN_COMMA = YES;
				CLANG_WARN_CONSTANT_CONVERSION = YES;
				CLANG_WARN_DEPRECATED_OBJC_IMPLEMENTATIONS = YES;
				CLANG_WARN_DIRECT_OBJC_ISA_USAGE = YES_ERROR;
				CLANG_WARN_DOCUMENTATION_COMMENTS = YES;
				CLANG_WARN_EMPTY_BODY = YES;
				CLANG_WARN_ENUM_CONVERSION = YES;
				CLANG_WARN_INFINITE_RECURSION = YES;
				CLANG_WARN_INT_CONVERSION = YES;
				CLANG_WARN_NON_LITERAL_NULL_CONVERSION = YES;
				CLANG_WARN_OBJC_IMPLICIT_RETAIN_SELF = YES;
				CLANG_WARN_OBJC_LITERAL_CONVERSION = YES;
				CLANG_WARN_OBJC_ROOT_CLASS = YES_ERROR;
				CLANG_WARN_QUOTED_INCLUDE_IN_FRAMEWORK_HEADER = YES;
				CLANG_WARN_RANGE_LOOP_ANALYSIS = YES;
				CLANG_WARN_STRICT_PROTOTYPES = YES;
				CLANG_WARN_SUSPICIOUS_MOVE = YES;
				CLANG_WARN_UNGUARDED_AVAILABILITY = YES_AGGRESSIVE;
				CLANG_WARN_UNREACHABLE_CODE = YES;
				CLANG_WARN__DUPLICATE_METHOD_MATCH = YES;
				COPY_PHASE_STRIP = NO;
				DEBUG_INFORMATION_FORMAT = "dwarf-with-dsym";
				ENABLE_NS_ASSERTIONS = NO;
				ENABLE_STRICT_OBJC_MSGSEND = YES;
				GCC_C_LANGUAGE_STANDARD = gnu11;
				GCC_NO_COMMON_BLOCKS = YES;
				GCC_WARN_64_TO_32_BIT_CONVERSION = YES;
				GCC_WARN_ABOUT_RETURN_TYPE = YES_ERROR;
				GCC_WARN_UNDECLARED_SELECTOR = YES;
				GCC_WARN_UNINITIALIZED_AUTOS = YES_AGGRESSIVE;
				GCC_WARN_UNUSED_FUNCTION = YES;
				GCC_WARN_UNUSED_VARIABLE = YES;
				MACOSX_DEPLOYMENT_TARGET = 13.3;
				MTL_ENABLE_DEBUG_INFO = NO;
				MTL_FAST_MATH = YES;
				SDKROOT = macosx;
				SWIFT_COMPILATION_MODE = wholemodule;
				SWIFT_OPTIMIZATION_LEVEL = "-O";
			};
			name = Release;
		};
		C921017529F5FB8600F4E295 /* Debug */ = {
			isa = XCBuildConfiguration;
			buildSettings = {
				ASSETCATALOG_COMPILER_APPICON_NAME = AppIcon;
				ASSETCATALOG_COMPILER_GLOBAL_ACCENT_COLOR_NAME = AccentColor;
				CODE_SIGN_ENTITLEMENTS = TreeViewDep/TreeViewDep.entitlements;
				CODE_SIGN_STYLE = Automatic;
				COMBINE_HIDPI_IMAGES = YES;
				CURRENT_PROJECT_VERSION = 1;
				DEVELOPMENT_ASSET_PATHS = "\"TreeViewDep/Preview Content\"";
				DEVELOPMENT_TEAM = JH3ZC8234Q;
				ENABLE_HARDENED_RUNTIME = YES;
				ENABLE_PREVIEWS = YES;
				GENERATE_INFOPLIST_FILE = YES;
				INFOPLIST_KEY_NSHumanReadableCopyright = "";
				LD_RUNPATH_SEARCH_PATHS = (
					"$(inherited)",
					"@executable_path/../Frameworks",
				);
				MARKETING_VERSION = 1.0;
				PRODUCT_BUNDLE_IDENTIFIER = com.fogusbogus.TreeViewDep;
				PRODUCT_NAME = "$(TARGET_NAME)";
				SWIFT_EMIT_LOC_STRINGS = YES;
				SWIFT_VERSION = 5.0;
			};
			name = Debug;
		};
		C921017629F5FB8600F4E295 /* Release */ = {
			isa = XCBuildConfiguration;
			buildSettings = {
				ASSETCATALOG_COMPILER_APPICON_NAME = AppIcon;
				ASSETCATALOG_COMPILER_GLOBAL_ACCENT_COLOR_NAME = AccentColor;
				CODE_SIGN_ENTITLEMENTS = TreeViewDep/TreeViewDep.entitlements;
				CODE_SIGN_STYLE = Automatic;
				COMBINE_HIDPI_IMAGES = YES;
				CURRENT_PROJECT_VERSION = 1;
				DEVELOPMENT_ASSET_PATHS = "\"TreeViewDep/Preview Content\"";
				DEVELOPMENT_TEAM = JH3ZC8234Q;
				ENABLE_HARDENED_RUNTIME = YES;
				ENABLE_PREVIEWS = YES;
				GENERATE_INFOPLIST_FILE = YES;
				INFOPLIST_KEY_NSHumanReadableCopyright = "";
				LD_RUNPATH_SEARCH_PATHS = (
					"$(inherited)",
					"@executable_path/../Frameworks",
				);
				MARKETING_VERSION = 1.0;
				PRODUCT_BUNDLE_IDENTIFIER = com.fogusbogus.TreeViewDep;
				PRODUCT_NAME = "$(TARGET_NAME)";
				SWIFT_EMIT_LOC_STRINGS = YES;
				SWIFT_VERSION = 5.0;
			};
			name = Release;
		};
/* End XCBuildConfiguration section */

/* Begin XCConfigurationList section */
		C921016029F5FB8500F4E295 /* Build configuration list for PBXProject "TreeViewDep" */ = {
			isa = XCConfigurationList;
			buildConfigurations = (
				C921017229F5FB8600F4E295 /* Debug */,
				C921017329F5FB8600F4E295 /* Release */,
			);
			defaultConfigurationIsVisible = 0;
			defaultConfigurationName = Release;
		};
		C921017429F5FB8600F4E295 /* Build configuration list for PBXNativeTarget "TreeViewDep" */ = {
			isa = XCConfigurationList;
			buildConfigurations = (
				C921017529F5FB8600F4E295 /* Debug */,
				C921017629F5FB8600F4E295 /* Release */,
			);
			defaultConfigurationIsVisible = 0;
			defaultConfigurationName = Release;
		};
/* End XCConfigurationList section */

/* Begin XCRemoteSwiftPackageReference section */
		C95612612A08715D00424030 /* XCRemoteSwiftPackageReference "TreeViewLib" */ = {
			isa = XCRemoteSwiftPackageReference;
			repositoryURL = "https://github.com/fogusbogus/TreeViewLib";
			requirement = {
				branch = main;
				kind = branch;
			};
		};
/* End XCRemoteSwiftPackageReference section */

/* Begin XCSwiftPackageProductDependency section */
		C95612622A08715D00424030 /* TreeView */ = {
			isa = XCSwiftPackageProductDependency;
			package = C95612612A08715D00424030 /* XCRemoteSwiftPackageReference "TreeViewLib" */;
			productName = TreeView;
		};
/* End XCSwiftPackageProductDependency section */
	};
	rootObject = C921015D29F5FB8500F4E295 /* Project object */;
}
